
Microsoft Visual Studio Solution File, Format Version 12.00
# Visual Studio Version 17
VisualStudioVersion = 17.14.36301.6 d17.14
MinimumVisualStudioVersion = 10.0.40219.1
Project("{FAE04EC0-301F-11D3-BF4B-00C04F79EFBC}") = "Exam0222", "Exam0222\Exam0222.csproj", "{4C0C250A-5D34-40AC-9AA9-AA78DF6AAC10}"
EndProject
Global
	GlobalSection(SolutionConfigurationPlatforms) = preSolution
		Debug|Any CPU = Debug|Any CPU
		Release|Any CPU = Release|Any CPU
	EndGlobalSection
	GlobalSection(ProjectConfigurationPlatforms) = postSolution
		{4C0C250A-5D34-40AC-9AA9-AA78DF6AAC10}.Debug|Any CPU.ActiveCfg = Debug|Any CPU
		{4C0C250A-5D34-40AC-9AA9-AA78DF6AAC10}.Debug|Any CPU.Build.0 = Debug|Any CPU
		{4C0C250A-5D34-40AC-9AA9-AA78DF6AAC10}.Release|Any CPU.ActiveCfg = Release|Any CPU
		{4C0C250A-5D34-40AC-9AA9-AA78DF6AAC10}.Release|Any CPU.Build.0 = Release|Any CPU
	EndGlobalSection
	GlobalSection(SolutionProperties) = preSolution
		HideSolutionNode = FALSE
	EndGlobalSection
	GlobalSection(ExtensibilityGlobals) = postSolution
		SolutionGuid = {35217DA4-EDD9-4183-90BC-29C70FB1C72F}
	EndGlobalSection
EndGlobal
